// !$*UTF8*$!
{
	archiveVersion = 1;
	classes = {
	};
	objectVersion = 50;
	objects = {

/* Begin PBXBuildFile section */
		12F6E8CE2485221D008046FE /* AppDelegate.swift in Sources */ = {isa = PBXBuildFile; fileRef = 12F6E8CD2485221D008046FE /* AppDelegate.swift */; };
		12F6E8D02485221D008046FE /* SceneDelegate.swift in Sources */ = {isa = PBXBuildFile; fileRef = 12F6E8CF2485221D008046FE /* SceneDelegate.swift */; };
		12F6E8D22485221D008046FE /* ViewController.swift in Sources */ = {isa = PBXBuildFile; fileRef = 12F6E8D12485221D008046FE /* ViewController.swift */; };
		12F6E8D52485221D008046FE /* Main.storyboard in Resources */ = {isa = PBXBuildFile; fileRef = 12F6E8D32485221D008046FE /* Main.storyboard */; };
		12F6E8D82485221D008046FE /* stretchy.xcdatamodeld in Sources */ = {isa = PBXBuildFile; fileRef = 12F6E8D62485221D008046FE /* stretchy.xcdatamodeld */; };
		12F6E8DA24852220008046FE /* Assets.xcassets in Resources */ = {isa = PBXBuildFile; fileRef = 12F6E8D924852220008046FE /* Assets.xcassets */; };
		12F6E8DD24852220008046FE /* LaunchScreen.storyboard in Resources */ = {isa = PBXBuildFile; fileRef = 12F6E8DB24852220008046FE /* LaunchScreen.storyboard */; };
/* End PBXBuildFile section */

/* Begin PBXFileReference section */
		12F6E8CA2485221D008046FE /* stretchy.app */ = {isa = PBXFileReference; explicitFileType = wrapper.application; includeInIndex = 0; path = stretchy.app; sourceTree = BUILT_PRODUCTS_DIR; };
		12F6E8CD2485221D008046FE /* AppDelegate.swift */ = {isa = PBXFileReference; lastKnownFileType = sourcecode.swift; path = AppDelegate.swift; sourceTree = "<group>"; };
		12F6E8CF2485221D008046FE /* SceneDelegate.swift */ = {isa = PBXFileReference; lastKnownFileType = sourcecode.swift; path = SceneDelegate.swift; sourceTree = "<group>"; };
		12F6E8D12485221D008046FE /* ViewController.swift */ = {isa = PBXFileReference; lastKnownFileType = sourcecode.swift; path = ViewController.swift; sourceTree = "<group>"; };
		12F6E8D42485221D008046FE /* Base */ = {isa = PBXFileReference; lastKnownFileType = file.storyboard; name = Base; path = Base.lproj/Main.storyboard; sourceTree = "<group>"; };
		12F6E8D72485221D008046FE /* stretchy.xcdatamodel */ = {isa = PBXFileReference; lastKnownFileType = wrapper.xcdatamodel; path = stretchy.xcdatamodel; sourceTree = "<group>"; };
		12F6E8D924852220008046FE /* Assets.xcassets */ = {isa = PBXFileReference; lastKnownFileType = folder.assetcatalog; path = Assets.xcassets; sourceTree = "<group>"; };
		12F6E8DC24852220008046FE /* Base */ = {isa = PBXFileReference; lastKnownFileType = file.storyboard; name = Base; path = Base.lproj/LaunchScreen.storyboard; sourceTree = "<group>"; };
		12F6E8DE24852220008046FE /* Info.plist */ = {isa = PBXFileReference; lastKnownFileType = text.plist.xml; path = Info.plist; sourceTree = "<group>"; };
/* End PBXFileReference section */

/* Begin PBXFrameworksBuildPhase section */
		12F6E8C72485221D008046FE /* Frameworks */ = {
			isa = PBXFrameworksBuildPhase;
			buildActionMask = 2147483647;
			files = (
			);
			runOnlyForDeploymentPostprocessing = 0;
		};
/* End PBXFrameworksBuildPhase section */

/* Begin PBXGroup section */
		12F6E8C12485221D008046FE = {
			isa = PBXGroup;
			children = (
				12F6E8CC2485221D008046FE /* stretchy */,
				12F6E8CB2485221D008046FE /* Products */,
			);
			sourceTree = "<group>";
		};
		12F6E8CB2485221D008046FE /* Products */ = {
			isa = PBXGroup;
			children = (
				12F6E8CA2485221D008046FE /* stretchy.app */,
			);
			name = Products;
			sourceTree = "<group>";
		};
		12F6E8CC2485221D008046FE /* stretchy */ = {
			isa = PBXGroup;
			children = (
				12F6E8CD2485221D008046FE /* AppDelegate.swift */,
				12F6E8CF2485221D008046FE /* SceneDelegate.swift */,
				12F6E8D12485221D008046FE /* ViewController.swift */,
				12F6E8D32485221D008046FE /* Main.storyboard */,
				12F6E8D924852220008046FE /* Assets.xcassets */,
				12F6E8DB24852220008046FE /* LaunchScreen.storyboard */,
				12F6E8DE24852220008046FE /* Info.plist */,
				12F6E8D62485221D008046FE /* stretchy.xcdatamodeld */,
			);
			path = stretchy;
			sourceTree = "<group>";
		};
/* End PBXGroup section */

/* Begin PBXNativeTarget section */
		12F6E8C92485221D008046FE /* stretchy */ = {
			isa = PBXNativeTarget;
			buildConfigurationList = 12F6E8E124852220008046FE /* Build configuration list for PBXNativeTarget "stretchy" */;
			buildPhases = (
				12F6E8C62485221D008046FE /* Sources */,
				12F6E8C72485221D008046FE /* Frameworks */,
				12F6E8C82485221D008046FE /* Resources */,
			);
			buildRules = (
			);
			dependencies = (
			);
			name = stretchy;
			productName = stretchy;
			productReference = 12F6E8CA2485221D008046FE /* stretchy.app */;
			productType = "com.apple.product-type.application";
		};
/* End PBXNativeTarget section */

/* Begin PBXProject section */
		12F6E8C22485221D008046FE /* Project object */ = {
			isa = PBXProject;
			attributes = {
				LastSwiftUpdateCheck = 1120;
				LastUpgradeCheck = 1120;
				ORGANIZATIONNAME = "Milan Patel";
				TargetAttributes = {
					12F6E8C92485221D008046FE = {
						CreatedOnToolsVersion = 11.2.1;
					};
				};
			};
			buildConfigurationList = 12F6E8C52485221D008046FE /* Build configuration list for PBXProject "stretchy" */;
			compatibilityVersion = "Xcode 9.3";
			developmentRegion = en;
			hasScannedForEncodings = 0;
			knownRegions = (
				en,
				Base,
			);
			mainGroup = 12F6E8C12485221D008046FE;
			productRefGroup = 12F6E8CB2485221D008046FE /* Products */;
			projectDirPath = "";
			projectRoot = "";
			targets = (
				12F6E8C92485221D008046FE /* stretchy */,
			);
		};
/* End PBXProject section */

/* Begin PBXResourcesBuildPhase section */
		12F6E8C82485221D008046FE /* Resources */ = {
			isa = PBXResourcesBuildPhase;
			buildActionMask = 2147483647;
			files = (
				12F6E8DD24852220008046FE /* LaunchScreen.storyboard in Resources */,
				12F6E8DA24852220008046FE /* Assets.xcassets in Resources */,
				12F6E8D52485221D008046FE /* Main.storyboard in Resources */,
			);
			runOnlyForDeploymentPostprocessing = 0;
		};
/* End PBXResourcesBuildPhase section */

/* Begin PBXSourcesBuildPhase section */
		12F6E8C62485221D008046FE /* Sources */ = {
			isa = PBXSourcesBuildPhase;
			buildActionMask = 2147483647;
			files = (
				12F6E8D22485221D008046FE /* ViewController.swift in Sources */,
				12F6E8CE2485221D008046FE /* AppDelegate.swift in Sources */,
				12F6E8D02485221D008046FE /* SceneDelegate.swift in Sources */,
				12F6E8D82485221D008046FE /* stretchy.xcdatamodeld in Sources */,
			);
			runOnlyForDeploymentPostprocessing = 0;
		};
/* End PBXSourcesBuildPhase section */

/* Begin PBXVariantGroup section */
		12F6E8D32485221D008046FE /* Main.storyboard */ = {
			isa = PBXVariantGroup;
			children = (
				12F6E8D42485221D008046FE /* Base */,
			);
			name = Main.storyboard;
			sourceTree = "<group>";
		};
		12F6E8DB24852220008046FE /* LaunchScreen.storyboard */ = {
			isa = PBXVariantGroup;
			children = (
				12F6E8DC24852220008046FE /* Base */,
			);
			name = LaunchScreen.storyboard;
			sourceTree = "<group>";
		};
/* End PBXVariantGroup section */

/* Begin XCBuildConfiguration section */
		12F6E8DF24852220008046FE /* Debug */ = {
			isa = XCBuildConfiguration;
			buildSettings = {
				ALWAYS_SEARCH_USER_PATHS = NO;
				CLANG_ANALYZER_NONNULL = YES;
				CLANG_ANALYZER_NUMBER_OBJECT_CONVERSION = YES_AGGRESSIVE;
				CLANG_CXX_LANGUAGE_STANDARD = "gnu++14";
				CLANG_CXX_LIBRARY = "libc++";
				CLANG_ENABLE_MODULES = YES;
				CLANG_ENABLE_OBJC_ARC = YES;
				CLANG_ENABLE_OBJC_WEAK = YES;
				CLANG_WARN_BLOCK_CAPTURE_AUTORELEASING = YES;
				CLANG_WARN_BOOL_CONVERSION = YES;
				CLANG_WARN_COMMA = YES;
				CLANG_WARN_CONSTANT_CONVERSION = YES;
				CLANG_WARN_DEPRECATED_OBJC_IMPLEMENTATIONS = YES;
				CLANG_WARN_DIRECT_OBJC_ISA_USAGE = YES_ERROR;
				CLANG_WARN_DOCUMENTATION_COMMENTS = YES;
				CLANG_WARN_EMPTY_BODY = YES;
				CLANG_WARN_ENUM_CONVERSION = YES;
				CLANG_WARN_INFINITE_RECURSION = YES;
				CLANG_WARN_INT_CONVERSION = YES;
				CLANG_WARN_NON_LITERAL_NULL_CONVERSION = YES;
				CLANG_WARN_OBJC_IMPLICIT_RETAIN_SELF = YES;
				CLANG_WARN_OBJC_LITERAL_CONVERSION = YES;
				CLANG_WARN_OBJC_ROOT_CLASS = YES_ERROR;
				CLANG_WARN_RANGE_LOOP_ANALYSIS = YES;
				CLANG_WARN_STRICT_PROTOTYPES = YES;
				CLANG_WARN_SUSPICIOUS_MOVE = YES;
				CLANG_WARN_UNGUARDED_AVAILABILITY = YES_AGGRESSIVE;
				CLANG_WARN_UNREACHABLE_CODE = YES;
				CLANG_WARN__DUPLICATE_METHOD_MATCH = YES;
				COPY_PHASE_STRIP = NO;
				DEBUG_INFORMATION_FORMAT = dwarf;
				ENABLE_STRICT_OBJC_MSGSEND = YES;
				ENABLE_TESTABILITY = YES;
				GCC_C_LANGUAGE_STANDARD = gnu11;
				GCC_DYNAMIC_NO_PIC = NO;
				GCC_NO_COMMON_BLOCKS = YES;
				GCC_OPTIMIZATION_LEVEL = 0;
				GCC_PREPROCESSOR_DEFINITIONS = (
					"DEBUG=1",
					"$(inherited)",
				);
				GCC_WARN_64_TO_32_BIT_CONVERSION = YES;
				GCC_WARN_ABOUT_RETURN_TYPE = YES_ERROR;
				GCC_WARN_UNDECLARED_SELECTOR = YES;
				GCC_WARN_UNINITIALIZED_AUTOS = YES_AGGRESSIVE;
				GCC_WARN_UNUSED_FUNCTION = YES;
				GCC_WARN_UNUSED_VARIABLE = YES;
				IPHONEOS_DEPLOYMENT_TARGET = 13.2;
				MTL_ENABLE_DEBUG_INFO = INCLUDE_SOURCE;
				MTL_FAST_MATH = YES;
				ONLY_ACTIVE_ARCH = YES;
				SDKROOT = iphoneos;
				SWIFT_ACTIVE_COMPILATION_CONDITIONS = DEBUG;
				SWIFT_OPTIMIZATION_LEVEL = "-Onone";
			};
			name = Debug;
		};
		12F6E8E024852220008046FE /* Release */ = {
			isa = XCBuildConfiguration;
			buildSettings = {
				ALWAYS_SEARCH_USER_PATHS = NO;
				CLANG_ANALYZER_NONNULL = YES;
				CLANG_ANALYZER_NUMBER_OBJECT_CONVERSION = YES_AGGRESSIVE;
				CLANG_CXX_LANGUAGE_STANDARD = "gnu++14";
				CLANG_CXX_LIBRARY = "libc++";
				CLANG_ENABLE_MODULES = YES;
				CLANG_ENABLE_OBJC_ARC = YES;
				CLANG_ENABLE_OBJC_WEAK = YES;
				CLANG_WARN_BLOCK_CAPTURE_AUTORELEASING = YES;
				CLANG_WARN_BOOL_CONVERSION = YES;
				CLANG_WARN_COMMA = YES;
				CLANG_WARN_CONSTANT_CONVERSION = YES;
				CLANG_WARN_DEPRECATED_OBJC_IMPLEMENTATIONS = YES;
				CLANG_WARN_DIRECT_OBJC_ISA_USAGE = YES_ERROR;
				CLANG_WARN_DOCUMENTATION_COMMENTS = YES;
				CLANG_WARN_EMPTY_BODY = YES;
				CLANG_WARN_ENUM_CONVERSION = YES;
				CLANG_WARN_INFINITE_RECURSION = YES;
				CLANG_WARN_INT_CONVERSION = YES;
				CLANG_WARN_NON_LITERAL_NULL_CONVERSION = YES;
				CLANG_WARN_OBJC_IMPLICIT_RETAIN_SELF = YES;
				CLANG_WARN_OBJC_LITERAL_CONVERSION = YES;
				CLANG_WARN_OBJC_ROOT_CLASS = YES_ERROR;
				CLANG_WARN_RANGE_LOOP_ANALYSIS = YES;
				CLANG_WARN_STRICT_PROTOTYPES = YES;
				CLANG_WARN_SUSPICIOUS_MOVE = YES;
				CLANG_WARN_UNGUARDED_AVAILABILITY = YES_AGGRESSIVE;
				CLANG_WARN_UNREACHABLE_CODE = YES;
				CLANG_WARN__DUPLICATE_METHOD_MATCH = YES;
				COPY_PHASE_STRIP = NO;
				DEBUG_INFORMATION_FORMAT = "dwarf-with-dsym";
				ENABLE_NS_ASSERTIONS = NO;
				ENABLE_STRICT_OBJC_MSGSEND = YES;
				GCC_C_LANGUAGE_STANDARD = gnu11;
				GCC_NO_COMMON_BLOCKS = YES;
				GCC_WARN_64_TO_32_BIT_CONVERSION = YES;
				GCC_WARN_ABOUT_RETURN_TYPE = YES_ERROR;
				GCC_WARN_UNDECLARED_SELECTOR = YES;
				GCC_WARN_UNINITIALIZED_AUTOS = YES_AGGRESSIVE;
				GCC_WARN_UNUSED_FUNCTION = YES;
				GCC_WARN_UNUSED_VARIABLE = YES;
				IPHONEOS_DEPLOYMENT_TARGET = 13.2;
				MTL_ENABLE_DEBUG_INFO = NO;
				MTL_FAST_MATH = YES;
				SDKROOT = iphoneos;
				SWIFT_COMPILATION_MODE = wholemodule;
				SWIFT_OPTIMIZATION_LEVEL = "-O";
				VALIDATE_PRODUCT = YES;
			};
			name = Release;
		};
		12F6E8E224852220008046FE /* Debug */ = {
			isa = XCBuildConfiguration;
			buildSettings = {
				ASSETCATALOG_COMPILER_APPICON_NAME = AppIcon;
				CODE_SIGN_STYLE = Automatic;
				INFOPLIST_FILE = stretchy/Info.plist;
				LD_RUNPATH_SEARCH_PATHS = (
					"$(inherited)",
					"@executable_path/Frameworks",
				);
				PRODUCT_BUNDLE_IDENTIFIER = com.milan.stretchy;
				PRODUCT_NAME = "$(TARGET_NAME)";
				SWIFT_VERSION = 5.0;
				TARGETED_DEVICE_FAMILY = "1,2";
			};
			name = Debug;
		};
		12F6E8E324852220008046FE /* Release */ = {
			isa = XCBuildConfiguration;
			buildSettings = {
				ASSETCATALOG_COMPILER_APPICON_NAME = AppIcon;
				CODE_SIGN_STYLE = Automatic;
				INFOPLIST_FILE = stretchy/Info.plist;
				LD_RUNPATH_SEARCH_PATHS = (
					"$(inherited)",
					"@executable_path/Frameworks",
				);
				PRODUCT_BUNDLE_IDENTIFIER = com.milan.stretchy;
				PRODUCT_NAME = "$(TARGET_NAME)";
				SWIFT_VERSION = 5.0;
				TARGETED_DEVICE_FAMILY = "1,2";
			};
			name = Release;
		};
/* End XCBuildConfiguration section */

/* Begin XCConfigurationList section */
		12F6E8C52485221D008046FE /* Build configuration list for PBXProject "stretchy" */ = {
			isa = XCConfigurationList;
			buildConfigurations = (
				12F6E8DF24852220008046FE /* Debug */,
				12F6E8E024852220008046FE /* Release */,
			);
			defaultConfigurationIsVisible = 0;
			defaultConfigurationName = Release;
		};
		12F6E8E124852220008046FE /* Build configuration list for PBXNativeTarget "stretchy" */ = {
			isa = XCConfigurationList;
			buildConfigurations = (
				12F6E8E224852220008046FE /* Debug */,
				12F6E8E324852220008046FE /* Release */,
			);
			defaultConfigurationIsVisible = 0;
			defaultConfigurationName = Release;
		};
/* End XCConfigurationList section */

/* Begin XCVersionGroup section */
		12F6E8D62485221D008046FE /* stretchy.xcdatamodeld */ = {
			isa = XCVersionGroup;
			children = (
				12F6E8D72485221D008046FE /* stretchy.xcdatamodel */,
			);
			currentVersion = 12F6E8D72485221D008046FE /* stretchy.xcdatamodel */;
			path = stretchy.xcdatamodeld;
			sourceTree = "<group>";
			versionGroupType = wrapper.xcdatamodel;
		};
/* End XCVersionGroup section */
	};
	rootObject = 12F6E8C22485221D008046FE /* Project object */;
}
